
Microsoft Visual Studio Solution File, Format Version 12.00
# Visual Studio Version 17
VisualStudioVersion = 17.1.32319.34
MinimumVisualStudioVersion = 10.0.40219.1
Project("{9A19103F-16F7-4668-BE54-9A1E7A4F7556}") = "it-test-producer", "it-test-producer\it-test-producer.csproj", "{819E1D1A-45D7-42B6-B84B-F80B59DAE15D}"
EndProject
Project("{9A19103F-16F7-4668-BE54-9A1E7A4F7556}") = "it-test-shared-contracts", "it-test-shared-contracts\it-test-shared-contracts.csproj", "{8F690202-15C0-41EE-A79E-BC3ABFDD9A1D}"
EndProject
Project("{E53339B2-1760-4266-BCC7-CA923CBCF16C}") = "docker-compose", "docker-compose.dcproj", "{035CF06E-4F73-41B7-80E9-40B2A7D91AA6}"
EndProject
Project("{9A19103F-16F7-4668-BE54-9A1E7A4F7556}") = "it-test-consumer", "it-test-consumer\it-test-consumer.csproj", "{CC59F1E4-7868-42FE-A287-6F32746F74EF}"
EndProject
Project("{9A19103F-16F7-4668-BE54-9A1E7A4F7556}") = "it-test-consumer.Data", "it-test-consumer.Data\it-test-consumer.Data.csproj", "{8325BBA1-6783-4BF1-9BD8-27BFF695CA13}"
EndProject
Project("{9A19103F-16F7-4668-BE54-9A1E7A4F7556}") = "it-test-producer.tests", "it-test-producer.tests\it-test-producer.tests.csproj", "{7148CDDF-8D05-4F60-922E-642E77DE6946}"
EndProject
Project("{9A19103F-16F7-4668-BE54-9A1E7A4F7556}") = "it-test-consumer.tests", "it-test-consumer.tests\it-test-consumer.tests.csproj", "{6986CF93-9C4E-4E56-ADBF-5BF295EA21BD}"
EndProject
Project("{2150E333-8FDC-42A3-9474-1A3956D46DE8}") = "Solution Items", "Solution Items", "{43FE1C6C-12AF-4960-98F7-7777FCDFEDAE}"
	ProjectSection(SolutionItems) = preProject
		Readme.md = Readme.md
	EndProjectSection
EndProject
Global
	GlobalSection(SolutionConfigurationPlatforms) = preSolution
		Debug|Any CPU = Debug|Any CPU
		Release|Any CPU = Release|Any CPU
	EndGlobalSection
	GlobalSection(ProjectConfigurationPlatforms) = postSolution
		{819E1D1A-45D7-42B6-B84B-F80B59DAE15D}.Debug|Any CPU.ActiveCfg = Debug|Any CPU
		{819E1D1A-45D7-42B6-B84B-F80B59DAE15D}.Debug|Any CPU.Build.0 = Debug|Any CPU
		{819E1D1A-45D7-42B6-B84B-F80B59DAE15D}.Release|Any CPU.ActiveCfg = Release|Any CPU
		{819E1D1A-45D7-42B6-B84B-F80B59DAE15D}.Release|Any CPU.Build.0 = Release|Any CPU
		{8F690202-15C0-41EE-A79E-BC3ABFDD9A1D}.Debug|Any CPU.ActiveCfg = Debug|Any CPU
		{8F690202-15C0-41EE-A79E-BC3ABFDD9A1D}.Debug|Any CPU.Build.0 = Debug|Any CPU
		{8F690202-15C0-41EE-A79E-BC3ABFDD9A1D}.Release|Any CPU.ActiveCfg = Release|Any CPU
		{8F690202-15C0-41EE-A79E-BC3ABFDD9A1D}.Release|Any CPU.Build.0 = Release|Any CPU
		{035CF06E-4F73-41B7-80E9-40B2A7D91AA6}.Debug|Any CPU.ActiveCfg = Debug|Any CPU
		{035CF06E-4F73-41B7-80E9-40B2A7D91AA6}.Debug|Any CPU.Build.0 = Debug|Any CPU
		{035CF06E-4F73-41B7-80E9-40B2A7D91AA6}.Release|Any CPU.ActiveCfg = Release|Any CPU
		{035CF06E-4F73-41B7-80E9-40B2A7D91AA6}.Release|Any CPU.Build.0 = Release|Any CPU
		{CC59F1E4-7868-42FE-A287-6F32746F74EF}.Debug|Any CPU.ActiveCfg = Debug|Any CPU
		{CC59F1E4-7868-42FE-A287-6F32746F74EF}.Debug|Any CPU.Build.0 = Debug|Any CPU
		{CC59F1E4-7868-42FE-A287-6F32746F74EF}.Release|Any CPU.ActiveCfg = Release|Any CPU
		{CC59F1E4-7868-42FE-A287-6F32746F74EF}.Release|Any CPU.Build.0 = Release|Any CPU
		{8325BBA1-6783-4BF1-9BD8-27BFF695CA13}.Debug|Any CPU.ActiveCfg = Debug|Any CPU
		{8325BBA1-6783-4BF1-9BD8-27BFF695CA13}.Debug|Any CPU.Build.0 = Debug|Any CPU
		{8325BBA1-6783-4BF1-9BD8-27BFF695CA13}.Release|Any CPU.ActiveCfg = Release|Any CPU
		{8325BBA1-6783-4BF1-9BD8-27BFF695CA13}.Release|Any CPU.Build.0 = Release|Any CPU
		{7148CDDF-8D05-4F60-922E-642E77DE6946}.Debug|Any CPU.ActiveCfg = Debug|Any CPU
		{7148CDDF-8D05-4F60-922E-642E77DE6946}.Debug|Any CPU.Build.0 = Debug|Any CPU
		{7148CDDF-8D05-4F60-922E-642E77DE6946}.Release|Any CPU.ActiveCfg = Release|Any CPU
		{7148CDDF-8D05-4F60-922E-642E77DE6946}.Release|Any CPU.Build.0 = Release|Any CPU
		{6986CF93-9C4E-4E56-ADBF-5BF295EA21BD}.Debug|Any CPU.ActiveCfg = Debug|Any CPU
		{6986CF93-9C4E-4E56-ADBF-5BF295EA21BD}.Debug|Any CPU.Build.0 = Debug|Any CPU
		{6986CF93-9C4E-4E56-ADBF-5BF295EA21BD}.Release|Any CPU.ActiveCfg = Release|Any CPU
		{6986CF93-9C4E-4E56-ADBF-5BF295EA21BD}.Release|Any CPU.Build.0 = Release|Any CPU
	EndGlobalSection
	GlobalSection(SolutionProperties) = preSolution
		HideSolutionNode = FALSE
	EndGlobalSection
	GlobalSection(ExtensibilityGlobals) = postSolution
		SolutionGuid = {A1B28F50-29E5-4CF9-8054-1206E927CEF4}
	EndGlobalSection
EndGlobal
